
Microsoft Visual Studio Solution File, Format Version 12.00
# Visual Studio 15
VisualStudioVersion = 15.0.28307.329
MinimumVisualStudioVersion = 10.0.40219.1
Project("{FAE04EC0-301F-11D3-BF4B-00C04F79EFBC}") = "Ch05Ex01", "Ch05Ex01\Ch05Ex01.csproj", "{6096442A-736B-4214-8211-F09D0413397F}"
EndProject
Global
	GlobalSection(SolutionConfigurationPlatforms) = preSolution
		Debug|Any CPU = Debug|Any CPU
		Release|Any CPU = Release|Any CPU
	EndGlobalSection
	GlobalSection(ProjectConfigurationPlatforms) = postSolution
		{6096442A-736B-4214-8211-F09D0413397F}.Debug|Any CPU.ActiveCfg = Debug|Any CPU
		{6096442A-736B-4214-8211-F09D0413397F}.Debug|Any CPU.Build.0 = Debug|Any CPU
		{6096442A-736B-4214-8211-F09D0413397F}.Release|Any CPU.ActiveCfg = Release|Any CPU
		{6096442A-736B-4214-8211-F09D0413397F}.Release|Any CPU.Build.0 = Release|Any CPU
	EndGlobalSection
	GlobalSection(SolutionProperties) = preSolution
		HideSolutionNode = FALSE
	EndGlobalSection
	GlobalSection(ExtensibilityGlobals) = postSolution
		SolutionGuid = {5E5030FB-9396-46E4-8A0B-968388B25AA1}
	EndGlobalSection
EndGlobal
